
Microsoft Visual Studio Solution File, Format Version 12.00
# Visual Studio Version 17
VisualStudioVersion = 17.14.36414.22 d17.14
MinimumVisualStudioVersion = 10.0.40219.1
Project("{FAE04EC0-301F-11D3-BF4B-00C04F79EFBC}") = "Assignment1.4.1", "Assignment1.4.1.csproj", "{2649F241-D76D-4582-9D5D-F78D6A1FA915}"
EndProject
Global
	GlobalSection(SolutionConfigurationPlatforms) = preSolution
		Debug|Any CPU = Debug|Any CPU
		Release|Any CPU = Release|Any CPU
	EndGlobalSection
	GlobalSection(ProjectConfigurationPlatforms) = postSolution
		{2649F241-D76D-4582-9D5D-F78D6A1FA915}.Debug|Any CPU.ActiveCfg = Debug|Any CPU
		{2649F241-D76D-4582-9D5D-F78D6A1FA915}.Debug|Any CPU.Build.0 = Debug|Any CPU
		{2649F241-D76D-4582-9D5D-F78D6A1FA915}.Release|Any CPU.ActiveCfg = Release|Any CPU
		{2649F241-D76D-4582-9D5D-F78D6A1FA915}.Release|Any CPU.Build.0 = Release|Any CPU
	EndGlobalSection
	GlobalSection(SolutionProperties) = preSolution
		HideSolutionNode = FALSE
	EndGlobalSection
	GlobalSection(ExtensibilityGlobals) = postSolution
		SolutionGuid = {CD77C171-CCDB-46C4-AEE5-FFF2FF471F62}
	EndGlobalSection
EndGlobal
